
Microsoft Visual Studio Solution File, Format Version 12.00
# Visual Studio Version 16
VisualStudioVersion = 16.0.31424.327
MinimumVisualStudioVersion = 10.0.40219.1
Project("{FAE04EC0-301F-11D3-BF4B-00C04F79EFBC}") = "BookStore", "BookStore\BookStore.csproj", "{FB207940-D884-4E81-ABD6-FB10EC7A693B}"
EndProject
Global
	GlobalSection(SolutionConfigurationPlatforms) = preSolution
		Debug|Any CPU = Debug|Any CPU
		Release|Any CPU = Release|Any CPU
	EndGlobalSection
	GlobalSection(ProjectConfigurationPlatforms) = postSolution
		{FB207940-D884-4E81-ABD6-FB10EC7A693B}.Debug|Any CPU.ActiveCfg = Debug|Any CPU
		{FB207940-D884-4E81-ABD6-FB10EC7A693B}.Debug|Any CPU.Build.0 = Debug|Any CPU
		{FB207940-D884-4E81-ABD6-FB10EC7A693B}.Release|Any CPU.ActiveCfg = Release|Any CPU
		{FB207940-D884-4E81-ABD6-FB10EC7A693B}.Release|Any CPU.Build.0 = Release|Any CPU
	EndGlobalSection
	GlobalSection(SolutionProperties) = preSolution
		HideSolutionNode = FALSE
	EndGlobalSection
	GlobalSection(ExtensibilityGlobals) = postSolution
		SolutionGuid = {5BB3D6D4-CB31-46C2-BFA5-CB8F4156104C}
	EndGlobalSection
EndGlobal
